
Microsoft Visual Studio Solution File, Format Version 12.00
# Visual Studio Version 17
VisualStudioVersion = 17.10.34928.147
MinimumVisualStudioVersion = 10.0.40219.1
Project("{2150E333-8FDC-42A3-9474-1A3956D46DE8}") = "src", "src", "{670F79B4-96E2-4C4B-9DC2-CC45321F4C22}"
EndProject
Project("{9A19103F-16F7-4668-BE54-9A1E7A4F7556}") = "FoodRecipes.Domain", "FoodRecipes.Domain\FoodRecipes.Domain.csproj", "{0D550186-F379-4E4E-A3BD-9D8D34A9671F}"
EndProject
Project("{9A19103F-16F7-4668-BE54-9A1E7A4F7556}") = "FoodRecipes.Application", "FoodRecipes.Application\FoodRecipes.Application.csproj", "{7EC3AF38-B8A2-499A-B0C5-E8822B6D0299}"
EndProject
Project("{9A19103F-16F7-4668-BE54-9A1E7A4F7556}") = "FoodRecipes.Presentation", "FoodRecipes.Presentation\FoodRecipes.Presentation.csproj", "{2CC165A4-3CDB-446B-9398-EE386507F731}"
EndProject
Project("{9A19103F-16F7-4668-BE54-9A1E7A4F7556}") = "FoodRecipes.Persistence", "FoodRecipes.Persistence\FoodRecipes.Persistence.csproj", "{9CC6AC5F-EE58-4C39-ADCF-DE46C01953AE}"
EndProject
Project("{2150E333-8FDC-42A3-9474-1A3956D46DE8}") = "Docs", "Docs", "{9A92FE54-F110-4625-96B4-AA9A29B92C5B}"
	ProjectSection(SolutionItems) = preProject
		DomainModels.md = DomainModels.md
	EndProjectSection
EndProject
Project("{2150E333-8FDC-42A3-9474-1A3956D46DE8}") = "tests", "tests", "{1F326DAF-1DA1-45B8-9164-101C8F20DA3C}"
EndProject
Project("{9A19103F-16F7-4668-BE54-9A1E7A4F7556}") = "Domain.UnitTests", "Domain.UnitTests\Domain.UnitTests.csproj", "{1FC5A0D6-AED6-4D24-A775-6ACEE8869E51}"
EndProject
Project("{FAE04EC0-301F-11D3-BF4B-00C04F79EFBC}") = "FoodRecipesApi", "FoodRecipesApi\FoodRecipesApi.csproj", "{E33C0D21-602B-4137-9A39-CC2129CD75C9}"
EndProject
Global
	GlobalSection(SolutionConfigurationPlatforms) = preSolution
		Debug|Any CPU = Debug|Any CPU
		Release|Any CPU = Release|Any CPU
	EndGlobalSection
	GlobalSection(ProjectConfigurationPlatforms) = postSolution
		{0D550186-F379-4E4E-A3BD-9D8D34A9671F}.Debug|Any CPU.ActiveCfg = Debug|Any CPU
		{0D550186-F379-4E4E-A3BD-9D8D34A9671F}.Debug|Any CPU.Build.0 = Debug|Any CPU
		{0D550186-F379-4E4E-A3BD-9D8D34A9671F}.Release|Any CPU.ActiveCfg = Release|Any CPU
		{0D550186-F379-4E4E-A3BD-9D8D34A9671F}.Release|Any CPU.Build.0 = Release|Any CPU
		{7EC3AF38-B8A2-499A-B0C5-E8822B6D0299}.Debug|Any CPU.ActiveCfg = Debug|Any CPU
		{7EC3AF38-B8A2-499A-B0C5-E8822B6D0299}.Debug|Any CPU.Build.0 = Debug|Any CPU
		{7EC3AF38-B8A2-499A-B0C5-E8822B6D0299}.Release|Any CPU.ActiveCfg = Release|Any CPU
		{7EC3AF38-B8A2-499A-B0C5-E8822B6D0299}.Release|Any CPU.Build.0 = Release|Any CPU
		{2CC165A4-3CDB-446B-9398-EE386507F731}.Debug|Any CPU.ActiveCfg = Debug|Any CPU
		{2CC165A4-3CDB-446B-9398-EE386507F731}.Debug|Any CPU.Build.0 = Debug|Any CPU
		{2CC165A4-3CDB-446B-9398-EE386507F731}.Release|Any CPU.ActiveCfg = Release|Any CPU
		{2CC165A4-3CDB-446B-9398-EE386507F731}.Release|Any CPU.Build.0 = Release|Any CPU
		{9CC6AC5F-EE58-4C39-ADCF-DE46C01953AE}.Debug|Any CPU.ActiveCfg = Debug|Any CPU
		{9CC6AC5F-EE58-4C39-ADCF-DE46C01953AE}.Debug|Any CPU.Build.0 = Debug|Any CPU
		{9CC6AC5F-EE58-4C39-ADCF-DE46C01953AE}.Release|Any CPU.ActiveCfg = Release|Any CPU
		{9CC6AC5F-EE58-4C39-ADCF-DE46C01953AE}.Release|Any CPU.Build.0 = Release|Any CPU
		{1FC5A0D6-AED6-4D24-A775-6ACEE8869E51}.Debug|Any CPU.ActiveCfg = Debug|Any CPU
		{1FC5A0D6-AED6-4D24-A775-6ACEE8869E51}.Debug|Any CPU.Build.0 = Debug|Any CPU
		{1FC5A0D6-AED6-4D24-A775-6ACEE8869E51}.Release|Any CPU.ActiveCfg = Release|Any CPU
		{1FC5A0D6-AED6-4D24-A775-6ACEE8869E51}.Release|Any CPU.Build.0 = Release|Any CPU
		{E33C0D21-602B-4137-9A39-CC2129CD75C9}.Debug|Any CPU.ActiveCfg = Debug|Any CPU
		{E33C0D21-602B-4137-9A39-CC2129CD75C9}.Debug|Any CPU.Build.0 = Debug|Any CPU
		{E33C0D21-602B-4137-9A39-CC2129CD75C9}.Release|Any CPU.ActiveCfg = Release|Any CPU
		{E33C0D21-602B-4137-9A39-CC2129CD75C9}.Release|Any CPU.Build.0 = Release|Any CPU
	EndGlobalSection
	GlobalSection(SolutionProperties) = preSolution
		HideSolutionNode = FALSE
	EndGlobalSection
	GlobalSection(NestedProjects) = preSolution
		{0D550186-F379-4E4E-A3BD-9D8D34A9671F} = {670F79B4-96E2-4C4B-9DC2-CC45321F4C22}
		{7EC3AF38-B8A2-499A-B0C5-E8822B6D0299} = {670F79B4-96E2-4C4B-9DC2-CC45321F4C22}
		{2CC165A4-3CDB-446B-9398-EE386507F731} = {670F79B4-96E2-4C4B-9DC2-CC45321F4C22}
		{9CC6AC5F-EE58-4C39-ADCF-DE46C01953AE} = {670F79B4-96E2-4C4B-9DC2-CC45321F4C22}
		{9A92FE54-F110-4625-96B4-AA9A29B92C5B} = {670F79B4-96E2-4C4B-9DC2-CC45321F4C22}
		{1FC5A0D6-AED6-4D24-A775-6ACEE8869E51} = {1F326DAF-1DA1-45B8-9164-101C8F20DA3C}
		{E33C0D21-602B-4137-9A39-CC2129CD75C9} = {670F79B4-96E2-4C4B-9DC2-CC45321F4C22}
	EndGlobalSection
	GlobalSection(ExtensibilityGlobals) = postSolution
		SolutionGuid = {05D17449-E31E-4B58-83C5-3E8B41C94188}
	EndGlobalSection
EndGlobal
